{
    "_readme": [
        "This file locks the dependencies of your project to a known state",
        "Read more about it at https://getcomposer.org/doc/01-basic-usage.md#installing-dependencies",
        "This file is @generated automatically"
    ],
    "content-hash": "c744be5acb8319599f7f2688917032d4",
    "packages": [
        {
            "name": "felippe-regazio/php-hot-reloader",
            "version": "dev-master",
            "source": {
                "type": "git",
                "url": "https://github.com/felippe-regazio/php-hot-reloader.git",
                "reference": "0d88e7796be99bbc4802b3a71f09a26ca610c980"
            },
            "dist": {
                "type": "zip",
                "url": "https://api.github.com/repos/felippe-regazio/php-hot-reloader/zipball/0d88e7796be99bbc4802b3a71f09a26ca610c980",
                "reference": "0d88e7796be99bbc4802b3a71f09a26ca610c980",
                "shasum": ""
            },
            "type": "library",
            "autoload": {
                "psr-4": {
                    "HotReloader\\": "src"
                }
            },
            "notification-url": "https://packagist.org/downloads/",
            "license": [
                "MIT"
            ],
            "description": "A class to add a complete live reload feature to any php project",
            "time": "2020-03-10T14:58:42+00:00"
        }
    ],
    "packages-dev": [],
    "aliases": [],
    "minimum-stability": "stable",
    "stability-flags": {
        "felippe-regazio/php-hot-reloader": 20
    },
    "prefer-stable": false,
    "prefer-lowest": false,
    "platform": [],
    "platform-dev": [],
    "plugin-api-version": "1.1.0"
}
